
Microsoft Visual Studio Solution File, Format Version 12.00
# Visual Studio Version 17
VisualStudioVersion = 17.14.36127.28
MinimumVisualStudioVersion = 10.0.40219.1
Project("{FAE04EC0-301F-11D3-BF4B-00C04F79EFBC}") = "PMS", "PMS.csproj", "{758E0C95-FADF-7327-B14F-A83FB26F432D}"
EndProject
Project("{FAE04EC0-301F-11D3-BF4B-00C04F79EFBC}") = "PMSys", "..\PMS.Desktop\PMSys.csproj", "{5E5A6705-1F32-D166-8F4B-AB16905C9D1D}"
EndProject
Global
	GlobalSection(SolutionConfigurationPlatforms) = preSolution
		Debug|Any CPU = Debug|Any CPU
		Release|Any CPU = Release|Any CPU
	EndGlobalSection
	GlobalSection(ProjectConfigurationPlatforms) = postSolution
		{758E0C95-FADF-7327-B14F-A83FB26F432D}.Debug|Any CPU.ActiveCfg = Debug|Any CPU
		{758E0C95-FADF-7327-B14F-A83FB26F432D}.Debug|Any CPU.Build.0 = Debug|Any CPU
		{758E0C95-FADF-7327-B14F-A83FB26F432D}.Release|Any CPU.ActiveCfg = Release|Any CPU
		{758E0C95-FADF-7327-B14F-A83FB26F432D}.Release|Any CPU.Build.0 = Release|Any CPU
		{5E5A6705-1F32-D166-8F4B-AB16905C9D1D}.Debug|Any CPU.ActiveCfg = Debug|Any CPU
		{5E5A6705-1F32-D166-8F4B-AB16905C9D1D}.Debug|Any CPU.Build.0 = Debug|Any CPU
		{5E5A6705-1F32-D166-8F4B-AB16905C9D1D}.Release|Any CPU.ActiveCfg = Release|Any CPU
		{5E5A6705-1F32-D166-8F4B-AB16905C9D1D}.Release|Any CPU.Build.0 = Release|Any CPU
	EndGlobalSection
	GlobalSection(SolutionProperties) = preSolution
		HideSolutionNode = FALSE
	EndGlobalSection
	GlobalSection(ExtensibilityGlobals) = postSolution
		SolutionGuid = {9F00A1B8-7DD7-4D0A-BFC3-461819B87341}
	EndGlobalSection
EndGlobal
